
Microsoft Visual Studio Solution File, Format Version 12.00
# Visual Studio Version 16
VisualStudioVersion = 16.0.30503.244
MinimumVisualStudioVersion = 10.0.40219.1
Project("{9A19103F-16F7-4668-BE54-9A1E7A4F7556}") = "MindboxTest.Handlers", "src\MindboxTest.Handlers\MindboxTest.Handlers.csproj", "{C5634F29-6ECF-4FEC-B82C-FB61433B72F8}"
EndProject
Project("{9A19103F-16F7-4668-BE54-9A1E7A4F7556}") = "MindboxTest.DAL", "src\MindboxTest.DAL\MindboxTest.DAL.csproj", "{6E1830C7-CF25-45FB-9026-5AB2BF0F7940}"
EndProject
Project("{9A19103F-16F7-4668-BE54-9A1E7A4F7556}") = "MindboxTest.Figures", "src\MindboxTest.Figures\MindboxTest.Figures.csproj", "{AFFEB44B-DB9A-431C-9AFF-FDAF470CE6D8}"
EndProject
Project("{9A19103F-16F7-4668-BE54-9A1E7A4F7556}") = "MindboxTest.API", "src\MindboxTest.API\MindboxTest.API.csproj", "{6F073205-D71A-4449-B067-0951493AFAED}"
EndProject
Project("{2150E333-8FDC-42A3-9474-1A3956D46DE8}") = "src", "src", "{9E1409B7-522A-4739-A505-CE4628145DDC}"
EndProject
Project("{2150E333-8FDC-42A3-9474-1A3956D46DE8}") = "tests", "tests", "{72E22BA2-556E-4023-9B31-2A9AEF4A77B2}"
EndProject
Project("{9A19103F-16F7-4668-BE54-9A1E7A4F7556}") = "MindboxTest.Figures.Tests", "tests\MindboxTest.Figures.Tests\MindboxTest.Figures.Tests.csproj", "{9C7B2398-E933-4860-B481-65C0BA7064DB}"
EndProject
Project("{2150E333-8FDC-42A3-9474-1A3956D46DE8}") = "Solution Items", "Solution Items", "{7842FC73-FF1B-458D-82CB-2F0877A08589}"
	ProjectSection(SolutionItems) = preProject
		README.md = README.md
	EndProjectSection
EndProject
Project("{9A19103F-16F7-4668-BE54-9A1E7A4F7556}") = "MindboxTest.Contracts", "src\MindboxTest.Contracts\MindboxTest.Contracts.csproj", "{0D755A93-E3CB-4901-9ED3-DB46CACE794D}"
EndProject
Project("{9A19103F-16F7-4668-BE54-9A1E7A4F7556}") = "MindboxTest.Contracts.Tests", "tests\MindboxTest.Contracts.Tests\MindboxTest.Contracts.Tests.csproj", "{AFCADDD0-8BB2-4332-A21F-073EDD4DE374}"
EndProject
Project("{9A19103F-16F7-4668-BE54-9A1E7A4F7556}") = "MindboxTest.DAL.Tests", "tests\MindboxTest.DAL.Tests\MindboxTest.DAL.Tests.csproj", "{0AC353FA-298F-41F5-8B6A-3ED159E4FC93}"
EndProject
Project("{9A19103F-16F7-4668-BE54-9A1E7A4F7556}") = "MindboxTest.TestHelpers", "tests\MindboxTest.TestHelpers\MindboxTest.TestHelpers.csproj", "{288068BA-C371-4D35-8D41-5A774818D513}"
EndProject
Project("{9A19103F-16F7-4668-BE54-9A1E7A4F7556}") = "MindboxTest.Infrastructure", "src\MindboxTest.Infrastructure\MindboxTest.Infrastructure.csproj", "{43DF5D72-53D8-4D9E-A670-736A20CB3CB2}"
EndProject
Project("{9A19103F-16F7-4668-BE54-9A1E7A4F7556}") = "MindboxTest.Handlers.Tests", "tests\MindboxTest.Handlers.Tests\MindboxTest.Handlers.Tests.csproj", "{4E4A74ED-0E35-4C8D-BBFA-34B73E0D74FC}"
EndProject
Project("{FAE04EC0-301F-11D3-BF4B-00C04F79EFBC}") = "MindboxTest.API.Tests", "tests\MindboxTest.API.Tests\MindboxTest.API.Tests.csproj", "{D3FFF72E-9825-4240-A04E-E8CF53D21BE5}"
EndProject
Global
	GlobalSection(SolutionConfigurationPlatforms) = preSolution
		Debug|Any CPU = Debug|Any CPU
		Release|Any CPU = Release|Any CPU
	EndGlobalSection
	GlobalSection(ProjectConfigurationPlatforms) = postSolution
		{C5634F29-6ECF-4FEC-B82C-FB61433B72F8}.Debug|Any CPU.ActiveCfg = Debug|Any CPU
		{C5634F29-6ECF-4FEC-B82C-FB61433B72F8}.Debug|Any CPU.Build.0 = Debug|Any CPU
		{C5634F29-6ECF-4FEC-B82C-FB61433B72F8}.Release|Any CPU.ActiveCfg = Release|Any CPU
		{C5634F29-6ECF-4FEC-B82C-FB61433B72F8}.Release|Any CPU.Build.0 = Release|Any CPU
		{6E1830C7-CF25-45FB-9026-5AB2BF0F7940}.Debug|Any CPU.ActiveCfg = Debug|Any CPU
		{6E1830C7-CF25-45FB-9026-5AB2BF0F7940}.Debug|Any CPU.Build.0 = Debug|Any CPU
		{6E1830C7-CF25-45FB-9026-5AB2BF0F7940}.Release|Any CPU.ActiveCfg = Release|Any CPU
		{6E1830C7-CF25-45FB-9026-5AB2BF0F7940}.Release|Any CPU.Build.0 = Release|Any CPU
		{AFFEB44B-DB9A-431C-9AFF-FDAF470CE6D8}.Debug|Any CPU.ActiveCfg = Debug|Any CPU
		{AFFEB44B-DB9A-431C-9AFF-FDAF470CE6D8}.Debug|Any CPU.Build.0 = Debug|Any CPU
		{AFFEB44B-DB9A-431C-9AFF-FDAF470CE6D8}.Release|Any CPU.ActiveCfg = Release|Any CPU
		{AFFEB44B-DB9A-431C-9AFF-FDAF470CE6D8}.Release|Any CPU.Build.0 = Release|Any CPU
		{6F073205-D71A-4449-B067-0951493AFAED}.Debug|Any CPU.ActiveCfg = Debug|Any CPU
		{6F073205-D71A-4449-B067-0951493AFAED}.Debug|Any CPU.Build.0 = Debug|Any CPU
		{6F073205-D71A-4449-B067-0951493AFAED}.Release|Any CPU.ActiveCfg = Release|Any CPU
		{6F073205-D71A-4449-B067-0951493AFAED}.Release|Any CPU.Build.0 = Release|Any CPU
		{9C7B2398-E933-4860-B481-65C0BA7064DB}.Debug|Any CPU.ActiveCfg = Debug|Any CPU
		{9C7B2398-E933-4860-B481-65C0BA7064DB}.Debug|Any CPU.Build.0 = Debug|Any CPU
		{9C7B2398-E933-4860-B481-65C0BA7064DB}.Release|Any CPU.ActiveCfg = Release|Any CPU
		{9C7B2398-E933-4860-B481-65C0BA7064DB}.Release|Any CPU.Build.0 = Release|Any CPU
		{0D755A93-E3CB-4901-9ED3-DB46CACE794D}.Debug|Any CPU.ActiveCfg = Debug|Any CPU
		{0D755A93-E3CB-4901-9ED3-DB46CACE794D}.Debug|Any CPU.Build.0 = Debug|Any CPU
		{0D755A93-E3CB-4901-9ED3-DB46CACE794D}.Release|Any CPU.ActiveCfg = Release|Any CPU
		{0D755A93-E3CB-4901-9ED3-DB46CACE794D}.Release|Any CPU.Build.0 = Release|Any CPU
		{AFCADDD0-8BB2-4332-A21F-073EDD4DE374}.Debug|Any CPU.ActiveCfg = Debug|Any CPU
		{AFCADDD0-8BB2-4332-A21F-073EDD4DE374}.Debug|Any CPU.Build.0 = Debug|Any CPU
		{AFCADDD0-8BB2-4332-A21F-073EDD4DE374}.Release|Any CPU.ActiveCfg = Release|Any CPU
		{AFCADDD0-8BB2-4332-A21F-073EDD4DE374}.Release|Any CPU.Build.0 = Release|Any CPU
		{0AC353FA-298F-41F5-8B6A-3ED159E4FC93}.Debug|Any CPU.ActiveCfg = Debug|Any CPU
		{0AC353FA-298F-41F5-8B6A-3ED159E4FC93}.Debug|Any CPU.Build.0 = Debug|Any CPU
		{0AC353FA-298F-41F5-8B6A-3ED159E4FC93}.Release|Any CPU.ActiveCfg = Release|Any CPU
		{0AC353FA-298F-41F5-8B6A-3ED159E4FC93}.Release|Any CPU.Build.0 = Release|Any CPU
		{288068BA-C371-4D35-8D41-5A774818D513}.Debug|Any CPU.ActiveCfg = Debug|Any CPU
		{288068BA-C371-4D35-8D41-5A774818D513}.Debug|Any CPU.Build.0 = Debug|Any CPU
		{288068BA-C371-4D35-8D41-5A774818D513}.Release|Any CPU.ActiveCfg = Release|Any CPU
		{288068BA-C371-4D35-8D41-5A774818D513}.Release|Any CPU.Build.0 = Release|Any CPU
		{43DF5D72-53D8-4D9E-A670-736A20CB3CB2}.Debug|Any CPU.ActiveCfg = Debug|Any CPU
		{43DF5D72-53D8-4D9E-A670-736A20CB3CB2}.Debug|Any CPU.Build.0 = Debug|Any CPU
		{43DF5D72-53D8-4D9E-A670-736A20CB3CB2}.Release|Any CPU.ActiveCfg = Release|Any CPU
		{43DF5D72-53D8-4D9E-A670-736A20CB3CB2}.Release|Any CPU.Build.0 = Release|Any CPU
		{4E4A74ED-0E35-4C8D-BBFA-34B73E0D74FC}.Debug|Any CPU.ActiveCfg = Debug|Any CPU
		{4E4A74ED-0E35-4C8D-BBFA-34B73E0D74FC}.Debug|Any CPU.Build.0 = Debug|Any CPU
		{4E4A74ED-0E35-4C8D-BBFA-34B73E0D74FC}.Release|Any CPU.ActiveCfg = Release|Any CPU
		{4E4A74ED-0E35-4C8D-BBFA-34B73E0D74FC}.Release|Any CPU.Build.0 = Release|Any CPU
		{D3FFF72E-9825-4240-A04E-E8CF53D21BE5}.Debug|Any CPU.ActiveCfg = Debug|Any CPU
		{D3FFF72E-9825-4240-A04E-E8CF53D21BE5}.Debug|Any CPU.Build.0 = Debug|Any CPU
		{D3FFF72E-9825-4240-A04E-E8CF53D21BE5}.Release|Any CPU.ActiveCfg = Release|Any CPU
		{D3FFF72E-9825-4240-A04E-E8CF53D21BE5}.Release|Any CPU.Build.0 = Release|Any CPU
	EndGlobalSection
	GlobalSection(SolutionProperties) = preSolution
		HideSolutionNode = FALSE
	EndGlobalSection
	GlobalSection(NestedProjects) = preSolution
		{C5634F29-6ECF-4FEC-B82C-FB61433B72F8} = {9E1409B7-522A-4739-A505-CE4628145DDC}
		{6E1830C7-CF25-45FB-9026-5AB2BF0F7940} = {9E1409B7-522A-4739-A505-CE4628145DDC}
		{AFFEB44B-DB9A-431C-9AFF-FDAF470CE6D8} = {9E1409B7-522A-4739-A505-CE4628145DDC}
		{6F073205-D71A-4449-B067-0951493AFAED} = {9E1409B7-522A-4739-A505-CE4628145DDC}
		{9C7B2398-E933-4860-B481-65C0BA7064DB} = {72E22BA2-556E-4023-9B31-2A9AEF4A77B2}
		{0D755A93-E3CB-4901-9ED3-DB46CACE794D} = {9E1409B7-522A-4739-A505-CE4628145DDC}
		{AFCADDD0-8BB2-4332-A21F-073EDD4DE374} = {72E22BA2-556E-4023-9B31-2A9AEF4A77B2}
		{0AC353FA-298F-41F5-8B6A-3ED159E4FC93} = {72E22BA2-556E-4023-9B31-2A9AEF4A77B2}
		{288068BA-C371-4D35-8D41-5A774818D513} = {72E22BA2-556E-4023-9B31-2A9AEF4A77B2}
		{43DF5D72-53D8-4D9E-A670-736A20CB3CB2} = {9E1409B7-522A-4739-A505-CE4628145DDC}
		{4E4A74ED-0E35-4C8D-BBFA-34B73E0D74FC} = {72E22BA2-556E-4023-9B31-2A9AEF4A77B2}
		{D3FFF72E-9825-4240-A04E-E8CF53D21BE5} = {72E22BA2-556E-4023-9B31-2A9AEF4A77B2}
	EndGlobalSection
	GlobalSection(ExtensibilityGlobals) = postSolution
		SolutionGuid = {17D70051-ECE7-47B0-9230-AFE1300B5FB5}
	EndGlobalSection
EndGlobal
